
Microsoft Visual Studio Solution File, Format Version 12.00
# Visual Studio Version 16
VisualStudioVersion = 16.0.29306.81
MinimumVisualStudioVersion = 10.0.40219.1
Project("{9A19103F-16F7-4668-BE54-9A1E7A4F7556}") = "Dessert.API", "Cake.API\Dessert.API.csproj", "{FB89138B-1420-438B-B9EE-A23072FA3C8A}"
EndProject
Global
	GlobalSection(SolutionConfigurationPlatforms) = preSolution
		Debug|Any CPU = Debug|Any CPU
		Release|Any CPU = Release|Any CPU
	EndGlobalSection
	GlobalSection(ProjectConfigurationPlatforms) = postSolution
		{FB89138B-1420-438B-B9EE-A23072FA3C8A}.Debug|Any CPU.ActiveCfg = Debug|Any CPU
		{FB89138B-1420-438B-B9EE-A23072FA3C8A}.Debug|Any CPU.Build.0 = Debug|Any CPU
		{FB89138B-1420-438B-B9EE-A23072FA3C8A}.Release|Any CPU.ActiveCfg = Release|Any CPU
		{FB89138B-1420-438B-B9EE-A23072FA3C8A}.Release|Any CPU.Build.0 = Release|Any CPU
	EndGlobalSection
	GlobalSection(SolutionProperties) = preSolution
		HideSolutionNode = FALSE
	EndGlobalSection
	GlobalSection(ExtensibilityGlobals) = postSolution
		SolutionGuid = {CFBBC1F2-590D-4471-BAE1-DA4E18723331}
	EndGlobalSection
EndGlobal
